
Microsoft Visual Studio Solution File, Format Version 12.00
# Visual Studio 15
VisualStudioVersion = 15.0.28307.572
MinimumVisualStudioVersion = 10.0.40219.1
Project("{FAE04EC0-301F-11D3-BF4B-00C04F79EFBC}") = "WebAPI_Identity", "WebAPI_Identity\WebAPI_Identity.csproj", "{60EF1BED-64F7-4C52-AA46-AADA7A8F2F95}"
EndProject
Global
	GlobalSection(SolutionConfigurationPlatforms) = preSolution
		Debug|Any CPU = Debug|Any CPU
		Release|Any CPU = Release|Any CPU
	EndGlobalSection
	GlobalSection(ProjectConfigurationPlatforms) = postSolution
		{60EF1BED-64F7-4C52-AA46-AADA7A8F2F95}.Debug|Any CPU.ActiveCfg = Debug|Any CPU
		{60EF1BED-64F7-4C52-AA46-AADA7A8F2F95}.Debug|Any CPU.Build.0 = Debug|Any CPU
		{60EF1BED-64F7-4C52-AA46-AADA7A8F2F95}.Release|Any CPU.ActiveCfg = Release|Any CPU
		{60EF1BED-64F7-4C52-AA46-AADA7A8F2F95}.Release|Any CPU.Build.0 = Release|Any CPU
	EndGlobalSection
	GlobalSection(SolutionProperties) = preSolution
		HideSolutionNode = FALSE
	EndGlobalSection
	GlobalSection(ExtensibilityGlobals) = postSolution
		SolutionGuid = {1CC227A3-B878-4BF1-B42C-E37ECE9014E8}
	EndGlobalSection
EndGlobal
